// !$*UTF8*$!
{
	archiveVersion = 1;
	classes = {
	};
	objectVersion = 46;
	objects = {

/* Begin PBXBuildFile section */
		162876EC1BB81FE4001A3ED4 /* Camera.cpp in Sources */ = {isa = PBXBuildFile; fileRef = 162876EA1BB81FE4001A3ED4 /* Camera.cpp */; settings = {ASSET_TAGS = (); }; };
		162876EF1BB821C9001A3ED4 /* GameObject.cpp in Sources */ = {isa = PBXBuildFile; fileRef = 162876ED1BB821C9001A3ED4 /* GameObject.cpp */; settings = {ASSET_TAGS = (); }; };
		162876F21BB823F4001A3ED4 /* GameManager.cpp in Sources */ = {isa = PBXBuildFile; fileRef = 162876F01BB823F4001A3ED4 /* GameManager.cpp */; settings = {ASSET_TAGS = (); }; };
		162876F51BB82635001A3ED4 /* LightSource.cpp in Sources */ = {isa = PBXBuildFile; fileRef = 162876F31BB82635001A3ED4 /* LightSource.cpp */; settings = {ASSET_TAGS = (); }; };
		1652DD351BCBB6DE0046D490 /* Table.cpp in Sources */ = {isa = PBXBuildFile; fileRef = 1652DD331BCBB6DE0046D490 /* Table.cpp */; settings = {ASSET_TAGS = (); }; };
		167023721BB6EA5A00C233E2 /* main.cpp in Sources */ = {isa = PBXBuildFile; fileRef = 167023711BB6EA5A00C233E2 /* main.cpp */; };
		167023791BB6EA6700C233E2 /* GLUT.framework in Frameworks */ = {isa = PBXBuildFile; fileRef = 167023781BB6EA6700C233E2 /* GLUT.framework */; };
		1670237B1BB6EA6E00C233E2 /* OpenGL.framework in Frameworks */ = {isa = PBXBuildFile; fileRef = 1670237A1BB6EA6E00C233E2 /* OpenGL.framework */; };
		1670237E1BB6EB0D00C233E2 /* Vector3.cpp in Sources */ = {isa = PBXBuildFile; fileRef = 1670237C1BB6EB0D00C233E2 /* Vector3.cpp */; settings = {ASSET_TAGS = (); }; };
		167023811BB6FC4B00C233E2 /* Entity.cpp in Sources */ = {isa = PBXBuildFile; fileRef = 1670237F1BB6FC4B00C233E2 /* Entity.cpp */; settings = {ASSET_TAGS = (); }; };
		1674A5D01BB99118000F3B3D /* StaticObject.cpp in Sources */ = {isa = PBXBuildFile; fileRef = 1674A5CE1BB99118000F3B3D /* StaticObject.cpp */; settings = {ASSET_TAGS = (); }; };
		1674A5D31BB991AC000F3B3D /* River.cpp in Sources */ = {isa = PBXBuildFile; fileRef = 1674A5D11BB991AC000F3B3D /* River.cpp */; settings = {ASSET_TAGS = (); }; };
		1674A5D61BB9932A000F3B3D /* Roadside.cpp in Sources */ = {isa = PBXBuildFile; fileRef = 1674A5D41BB9932A000F3B3D /* Roadside.cpp */; settings = {ASSET_TAGS = (); }; };
		1674A5DA1BB994A0000F3B3D /* DynamicObject.cpp in Sources */ = {isa = PBXBuildFile; fileRef = 1674A5D81BB994A0000F3B3D /* DynamicObject.cpp */; settings = {ASSET_TAGS = (); }; };
		1674A5DD1BB996AC000F3B3D /* Car.cpp in Sources */ = {isa = PBXBuildFile; fileRef = 1674A5DB1BB996AC000F3B3D /* Car.cpp */; settings = {ASSET_TAGS = (); }; };
		1674A5E11BB997FD000F3B3D /* Obstacle.cpp in Sources */ = {isa = PBXBuildFile; fileRef = 1674A5DF1BB997FD000F3B3D /* Obstacle.cpp */; settings = {ASSET_TAGS = (); }; };
		1674A5E41BB998FA000F3B3D /* Butter.cpp in Sources */ = {isa = PBXBuildFile; fileRef = 1674A5E21BB998FA000F3B3D /* Butter.cpp */; settings = {ASSET_TAGS = (); }; };
		1674A5E71BB99997000F3B3D /* Orange.cpp in Sources */ = {isa = PBXBuildFile; fileRef = 1674A5E51BB99997000F3B3D /* Orange.cpp */; settings = {ASSET_TAGS = (); }; };
		1674A5EB1BB99A7B000F3B3D /* PerspectiveCamera.cpp in Sources */ = {isa = PBXBuildFile; fileRef = 1674A5E91BB99A7B000F3B3D /* PerspectiveCamera.cpp */; settings = {ASSET_TAGS = (); }; };
		1674A5EE1BB99F14000F3B3D /* OrthogonalCamera.cpp in Sources */ = {isa = PBXBuildFile; fileRef = 1674A5EC1BB99F14000F3B3D /* OrthogonalCamera.cpp */; settings = {ASSET_TAGS = (); }; };
		169B25411BDA93FF00C01F3C /* Projection.cpp in Sources */ = {isa = PBXBuildFile; fileRef = 169B253F1BDA93FF00C01F3C /* Projection.cpp */; settings = {ASSET_TAGS = (); }; };
		16AE8C5D1BD68DB2006E4E1F /* Cherrio.cpp in Sources */ = {isa = PBXBuildFile; fileRef = 16AE8C5B1BD68DB2006E4E1F /* Cherrio.cpp */; settings = {ASSET_TAGS = (); }; };
/* End PBXBuildFile section */

/* Begin PBXCopyFilesBuildPhase section */
		1670236C1BB6EA5A00C233E2 /* CopyFiles */ = {
			isa = PBXCopyFilesBuildPhase;
			buildActionMask = 2147483647;
			dstPath = /usr/share/man/man1/;
			dstSubfolderSpec = 0;
			files = (
			);
			runOnlyForDeploymentPostprocessing = 1;
		};
/* End PBXCopyFilesBuildPhase section */

/* Begin PBXFileReference section */
		162876EA1BB81FE4001A3ED4 /* Camera.cpp */ = {isa = PBXFileReference; fileEncoding = 4; lastKnownFileType = sourcecode.cpp.cpp; path = Camera.cpp; sourceTree = "<group>"; };
		162876EB1BB81FE4001A3ED4 /* Camera.hpp */ = {isa = PBXFileReference; fileEncoding = 4; lastKnownFileType = sourcecode.cpp.h; path = Camera.hpp; sourceTree = "<group>"; };
		162876ED1BB821C9001A3ED4 /* GameObject.cpp */ = {isa = PBXFileReference; fileEncoding = 4; lastKnownFileType = sourcecode.cpp.cpp; path = GameObject.cpp; sourceTree = "<group>"; };
		162876EE1BB821C9001A3ED4 /* GameObject.hpp */ = {isa = PBXFileReference; fileEncoding = 4; lastKnownFileType = sourcecode.cpp.h; path = GameObject.hpp; sourceTree = "<group>"; };
		162876F01BB823F4001A3ED4 /* GameManager.cpp */ = {isa = PBXFileReference; fileEncoding = 4; lastKnownFileType = sourcecode.cpp.cpp; path = GameManager.cpp; sourceTree = "<group>"; };
		162876F11BB823F4001A3ED4 /* GameManager.hpp */ = {isa = PBXFileReference; fileEncoding = 4; lastKnownFileType = sourcecode.cpp.h; path = GameManager.hpp; sourceTree = "<group>"; };
		162876F31BB82635001A3ED4 /* LightSource.cpp */ = {isa = PBXFileReference; fileEncoding = 4; lastKnownFileType = sourcecode.cpp.cpp; path = LightSource.cpp; sourceTree = "<group>"; };
		162876F41BB82635001A3ED4 /* LightSource.hpp */ = {isa = PBXFileReference; fileEncoding = 4; lastKnownFileType = sourcecode.cpp.h; path = LightSource.hpp; sourceTree = "<group>"; };
		1652DD331BCBB6DE0046D490 /* Table.cpp */ = {isa = PBXFileReference; fileEncoding = 4; lastKnownFileType = sourcecode.cpp.cpp; path = Table.cpp; sourceTree = "<group>"; };
		1652DD341BCBB6DE0046D490 /* Table.hpp */ = {isa = PBXFileReference; fileEncoding = 4; lastKnownFileType = sourcecode.cpp.h; path = Table.hpp; sourceTree = "<group>"; };
		1670236E1BB6EA5A00C233E2 /* Proj1 */ = {isa = PBXFileReference; explicitFileType = "compiled.mach-o.executable"; includeInIndex = 0; path = Proj1; sourceTree = BUILT_PRODUCTS_DIR; };
		167023711BB6EA5A00C233E2 /* main.cpp */ = {isa = PBXFileReference; lastKnownFileType = sourcecode.cpp.cpp; path = main.cpp; sourceTree = "<group>"; };
		167023781BB6EA6700C233E2 /* GLUT.framework */ = {isa = PBXFileReference; lastKnownFileType = wrapper.framework; name = GLUT.framework; path = System/Library/Frameworks/GLUT.framework; sourceTree = SDKROOT; };
		1670237A1BB6EA6E00C233E2 /* OpenGL.framework */ = {isa = PBXFileReference; lastKnownFileType = wrapper.framework; name = OpenGL.framework; path = System/Library/Frameworks/OpenGL.framework; sourceTree = SDKROOT; };
		1670237C1BB6EB0D00C233E2 /* Vector3.cpp */ = {isa = PBXFileReference; fileEncoding = 4; lastKnownFileType = sourcecode.cpp.cpp; path = Vector3.cpp; sourceTree = "<group>"; };
		1670237D1BB6EB0D00C233E2 /* Vector3.hpp */ = {isa = PBXFileReference; fileEncoding = 4; lastKnownFileType = sourcecode.cpp.h; path = Vector3.hpp; sourceTree = "<group>"; };
		1670237F1BB6FC4B00C233E2 /* Entity.cpp */ = {isa = PBXFileReference; fileEncoding = 4; lastKnownFileType = sourcecode.cpp.cpp; path = Entity.cpp; sourceTree = "<group>"; };
		167023801BB6FC4B00C233E2 /* Entity.hpp */ = {isa = PBXFileReference; fileEncoding = 4; lastKnownFileType = sourcecode.cpp.h; path = Entity.hpp; sourceTree = "<group>"; };
		1674A5CE1BB99118000F3B3D /* StaticObject.cpp */ = {isa = PBXFileReference; fileEncoding = 4; lastKnownFileType = sourcecode.cpp.cpp; path = StaticObject.cpp; sourceTree = "<group>"; };
		1674A5CF1BB99118000F3B3D /* StaticObject.hpp */ = {isa = PBXFileReference; fileEncoding = 4; lastKnownFileType = sourcecode.cpp.h; path = StaticObject.hpp; sourceTree = "<group>"; };
		1674A5D11BB991AC000F3B3D /* River.cpp */ = {isa = PBXFileReference; fileEncoding = 4; lastKnownFileType = sourcecode.cpp.cpp; path = River.cpp; sourceTree = "<group>"; };
		1674A5D21BB991AC000F3B3D /* River.hpp */ = {isa = PBXFileReference; fileEncoding = 4; lastKnownFileType = sourcecode.cpp.h; path = River.hpp; sourceTree = "<group>"; };
		1674A5D41BB9932A000F3B3D /* Roadside.cpp */ = {isa = PBXFileReference; fileEncoding = 4; lastKnownFileType = sourcecode.cpp.cpp; path = Roadside.cpp; sourceTree = "<group>"; };
		1674A5D51BB9932A000F3B3D /* Roadside.hpp */ = {isa = PBXFileReference; fileEncoding = 4; lastKnownFileType = sourcecode.cpp.h; path = Roadside.hpp; sourceTree = "<group>"; };
		1674A5D81BB994A0000F3B3D /* DynamicObject.cpp */ = {isa = PBXFileReference; fileEncoding = 4; lastKnownFileType = sourcecode.cpp.cpp; path = DynamicObject.cpp; sourceTree = "<group>"; };
		1674A5D91BB994A0000F3B3D /* DynamicObject.hpp */ = {isa = PBXFileReference; fileEncoding = 4; lastKnownFileType = sourcecode.cpp.h; path = DynamicObject.hpp; sourceTree = "<group>"; };
		1674A5DB1BB996AC000F3B3D /* Car.cpp */ = {isa = PBXFileReference; fileEncoding = 4; lastKnownFileType = sourcecode.cpp.cpp; path = Car.cpp; sourceTree = "<group>"; };
		1674A5DC1BB996AC000F3B3D /* Car.hpp */ = {isa = PBXFileReference; fileEncoding = 4; lastKnownFileType = sourcecode.cpp.h; path = Car.hpp; sourceTree = "<group>"; };
		1674A5DF1BB997FD000F3B3D /* Obstacle.cpp */ = {isa = PBXFileReference; fileEncoding = 4; lastKnownFileType = sourcecode.cpp.cpp; path = Obstacle.cpp; sourceTree = "<group>"; };
		1674A5E01BB997FD000F3B3D /* Obstacle.hpp */ = {isa = PBXFileReference; fileEncoding = 4; lastKnownFileType = sourcecode.cpp.h; path = Obstacle.hpp; sourceTree = "<group>"; };
		1674A5E21BB998FA000F3B3D /* Butter.cpp */ = {isa = PBXFileReference; fileEncoding = 4; lastKnownFileType = sourcecode.cpp.cpp; path = Butter.cpp; sourceTree = "<group>"; };
		1674A5E31BB998FA000F3B3D /* Butter.hpp */ = {isa = PBXFileReference; fileEncoding = 4; lastKnownFileType = sourcecode.cpp.h; path = Butter.hpp; sourceTree = "<group>"; };
		1674A5E51BB99997000F3B3D /* Orange.cpp */ = {isa = PBXFileReference; fileEncoding = 4; lastKnownFileType = sourcecode.cpp.cpp; path = Orange.cpp; sourceTree = "<group>"; };
		1674A5E61BB99997000F3B3D /* Orange.hpp */ = {isa = PBXFileReference; fileEncoding = 4; lastKnownFileType = sourcecode.cpp.h; path = Orange.hpp; sourceTree = "<group>"; };
		1674A5E91BB99A7B000F3B3D /* PerspectiveCamera.cpp */ = {isa = PBXFileReference; fileEncoding = 4; lastKnownFileType = sourcecode.cpp.cpp; path = PerspectiveCamera.cpp; sourceTree = "<group>"; };
		1674A5EA1BB99A7B000F3B3D /* PerspectiveCamera.hpp */ = {isa = PBXFileReference; fileEncoding = 4; lastKnownFileType = sourcecode.cpp.h; path = PerspectiveCamera.hpp; sourceTree = "<group>"; };
		1674A5EC1BB99F14000F3B3D /* OrthogonalCamera.cpp */ = {isa = PBXFileReference; fileEncoding = 4; lastKnownFileType = sourcecode.cpp.cpp; path = OrthogonalCamera.cpp; sourceTree = "<group>"; };
		1674A5ED1BB99F14000F3B3D /* OrthogonalCamera.hpp */ = {isa = PBXFileReference; fileEncoding = 4; lastKnownFileType = sourcecode.cpp.h; path = OrthogonalCamera.hpp; sourceTree = "<group>"; };
		169B253F1BDA93FF00C01F3C /* Projection.cpp */ = {isa = PBXFileReference; fileEncoding = 4; lastKnownFileType = sourcecode.cpp.cpp; path = Projection.cpp; sourceTree = "<group>"; };
		169B25401BDA93FF00C01F3C /* Projection.hpp */ = {isa = PBXFileReference; fileEncoding = 4; lastKnownFileType = sourcecode.cpp.h; path = Projection.hpp; sourceTree = "<group>"; };
		16AE8C5B1BD68DB2006E4E1F /* Cherrio.cpp */ = {isa = PBXFileReference; fileEncoding = 4; lastKnownFileType = sourcecode.cpp.cpp; path = Cherrio.cpp; sourceTree = "<group>"; };
		16AE8C5C1BD68DB2006E4E1F /* Cherrio.hpp */ = {isa = PBXFileReference; fileEncoding = 4; lastKnownFileType = sourcecode.cpp.h; path = Cherrio.hpp; sourceTree = "<group>"; };
/* End PBXFileReference section */

/* Begin PBXFrameworksBuildPhase section */
		1670236B1BB6EA5A00C233E2 /* Frameworks */ = {
			isa = PBXFrameworksBuildPhase;
			buildActionMask = 2147483647;
			files = (
				1670237B1BB6EA6E00C233E2 /* OpenGL.framework in Frameworks */,
				167023791BB6EA6700C233E2 /* GLUT.framework in Frameworks */,
			);
			runOnlyForDeploymentPostprocessing = 0;
		};
/* End PBXFrameworksBuildPhase section */

/* Begin PBXGroup section */
		1618F03C1BBD35650059CFD9 /* Game Manager */ = {
			isa = PBXGroup;
			children = (
				1670237F1BB6FC4B00C233E2 /* Entity.cpp */,
				167023801BB6FC4B00C233E2 /* Entity.hpp */,
				162876F01BB823F4001A3ED4 /* GameManager.cpp */,
				162876F11BB823F4001A3ED4 /* GameManager.hpp */,
			);
			name = "Game Manager";
			sourceTree = "<group>";
		};
		1618F03D1BBD358C0059CFD9 /* Dynamic */ = {
			isa = PBXGroup;
			children = (
				16AE8C5B1BD68DB2006E4E1F /* Cherrio.cpp */,
				16AE8C5C1BD68DB2006E4E1F /* Cherrio.hpp */,
				1674A5E21BB998FA000F3B3D /* Butter.cpp */,
				1674A5E31BB998FA000F3B3D /* Butter.hpp */,
				1674A5DB1BB996AC000F3B3D /* Car.cpp */,
				1674A5DC1BB996AC000F3B3D /* Car.hpp */,
				1674A5D81BB994A0000F3B3D /* DynamicObject.cpp */,
				1674A5D91BB994A0000F3B3D /* DynamicObject.hpp */,
				1674A5DF1BB997FD000F3B3D /* Obstacle.cpp */,
				1674A5E01BB997FD000F3B3D /* Obstacle.hpp */,
				1674A5E51BB99997000F3B3D /* Orange.cpp */,
				1674A5E61BB99997000F3B3D /* Orange.hpp */,
			);
			name = Dynamic;
			sourceTree = "<group>";
		};
		1618F03E1BBD35940059CFD9 /* Static */ = {
			isa = PBXGroup;
			children = (
				1674A5CE1BB99118000F3B3D /* StaticObject.cpp */,
				1674A5CF1BB99118000F3B3D /* StaticObject.hpp */,
				1674A5D11BB991AC000F3B3D /* River.cpp */,
				1674A5D21BB991AC000F3B3D /* River.hpp */,
				1674A5D41BB9932A000F3B3D /* Roadside.cpp */,
				1674A5D51BB9932A000F3B3D /* Roadside.hpp */,
				1652DD331BCBB6DE0046D490 /* Table.cpp */,
				1652DD341BCBB6DE0046D490 /* Table.hpp */,
			);
			name = Static;
			sourceTree = "<group>";
		};
		1618F03F1BBD35CE0059CFD9 /* Vector3 */ = {
			isa = PBXGroup;
			children = (
				1670237C1BB6EB0D00C233E2 /* Vector3.cpp */,
				1670237D1BB6EB0D00C233E2 /* Vector3.hpp */,
			);
			name = Vector3;
			sourceTree = "<group>";
		};
		1618F0401BBD35F30059CFD9 /* Lights */ = {
			isa = PBXGroup;
			children = (
				162876F31BB82635001A3ED4 /* LightSource.cpp */,
				162876F41BB82635001A3ED4 /* LightSource.hpp */,
			);
			name = Lights;
			sourceTree = "<group>";
		};
		167023651BB6EA5A00C233E2 = {
			isa = PBXGroup;
			children = (
				1670237A1BB6EA6E00C233E2 /* OpenGL.framework */,
				167023781BB6EA6700C233E2 /* GLUT.framework */,
				167023701BB6EA5A00C233E2 /* Proj1 */,
				1670236F1BB6EA5A00C233E2 /* Products */,
			);
			sourceTree = "<group>";
		};
		1670236F1BB6EA5A00C233E2 /* Products */ = {
			isa = PBXGroup;
			children = (
				1670236E1BB6EA5A00C233E2 /* Proj1 */,
			);
			name = Products;
			sourceTree = "<group>";
		};
		167023701BB6EA5A00C233E2 /* Proj1 */ = {
			isa = PBXGroup;
			children = (
				1618F0401BBD35F30059CFD9 /* Lights */,
				1618F03F1BBD35CE0059CFD9 /* Vector3 */,
				1618F03C1BBD35650059CFD9 /* Game Manager */,
				1674A5E81BB99A41000F3B3D /* Camera */,
				1674A5D71BB993A3000F3B3D /* GameObjects */,
				167023711BB6EA5A00C233E2 /* main.cpp */,
				169B253F1BDA93FF00C01F3C /* Projection.cpp */,
				169B25401BDA93FF00C01F3C /* Projection.hpp */,
			);
			path = Proj1;
			sourceTree = "<group>";
		};
		1674A5D71BB993A3000F3B3D /* GameObjects */ = {
			isa = PBXGroup;
			children = (
				1618F03E1BBD35940059CFD9 /* Static */,
				1618F03D1BBD358C0059CFD9 /* Dynamic */,
				162876ED1BB821C9001A3ED4 /* GameObject.cpp */,
				162876EE1BB821C9001A3ED4 /* GameObject.hpp */,
			);
			name = GameObjects;
			sourceTree = "<group>";
		};
		1674A5E81BB99A41000F3B3D /* Camera */ = {
			isa = PBXGroup;
			children = (
				162876EA1BB81FE4001A3ED4 /* Camera.cpp */,
				162876EB1BB81FE4001A3ED4 /* Camera.hpp */,
				1674A5E91BB99A7B000F3B3D /* PerspectiveCamera.cpp */,
				1674A5EA1BB99A7B000F3B3D /* PerspectiveCamera.hpp */,
				1674A5EC1BB99F14000F3B3D /* OrthogonalCamera.cpp */,
				1674A5ED1BB99F14000F3B3D /* OrthogonalCamera.hpp */,
			);
			name = Camera;
			sourceTree = "<group>";
		};
/* End PBXGroup section */

/* Begin PBXNativeTarget section */
		1670236D1BB6EA5A00C233E2 /* Proj1 */ = {
			isa = PBXNativeTarget;
			buildConfigurationList = 167023751BB6EA5A00C233E2 /* Build configuration list for PBXNativeTarget "Proj1" */;
			buildPhases = (
				1670236A1BB6EA5A00C233E2 /* Sources */,
				1670236B1BB6EA5A00C233E2 /* Frameworks */,
				1670236C1BB6EA5A00C233E2 /* CopyFiles */,
				165658921BD7AECC004128E6 /* ShellScript */,
			);
			buildRules = (
			);
			dependencies = (
			);
			name = Proj1;
			productName = Proj1;
			productReference = 1670236E1BB6EA5A00C233E2 /* Proj1 */;
			productType = "com.apple.product-type.tool";
		};
/* End PBXNativeTarget section */

/* Begin PBXProject section */
		167023661BB6EA5A00C233E2 /* Project object */ = {
			isa = PBXProject;
			attributes = {
				LastUpgradeCheck = 0700;
				ORGANIZATIONNAME = "Luis Santos";
				TargetAttributes = {
					1670236D1BB6EA5A00C233E2 = {
						CreatedOnToolsVersion = 7.0;
					};
				};
			};
			buildConfigurationList = 167023691BB6EA5A00C233E2 /* Build configuration list for PBXProject "Proj1" */;
			compatibilityVersion = "Xcode 3.2";
			developmentRegion = English;
			hasScannedForEncodings = 0;
			knownRegions = (
				en,
			);
			mainGroup = 167023651BB6EA5A00C233E2;
			productRefGroup = 1670236F1BB6EA5A00C233E2 /* Products */;
			projectDirPath = "";
			projectRoot = "";
			targets = (
				1670236D1BB6EA5A00C233E2 /* Proj1 */,
			);
		};
/* End PBXProject section */

/* Begin PBXShellScriptBuildPhase section */
		165658921BD7AECC004128E6 /* ShellScript */ = {
			isa = PBXShellScriptBuildPhase;
			buildActionMask = 2147483647;
			files = (
			);
			inputPaths = (
			);
			outputPaths = (
			);
			runOnlyForDeploymentPostprocessing = 0;
			shellPath = /bin/sh;
			shellScript = "";
		};
/* End PBXShellScriptBuildPhase section */

/* Begin PBXSourcesBuildPhase section */
		1670236A1BB6EA5A00C233E2 /* Sources */ = {
			isa = PBXSourcesBuildPhase;
			buildActionMask = 2147483647;
			files = (
				16AE8C5D1BD68DB2006E4E1F /* Cherrio.cpp in Sources */,
				1674A5D01BB99118000F3B3D /* StaticObject.cpp in Sources */,
				162876EC1BB81FE4001A3ED4 /* Camera.cpp in Sources */,
				1674A5DA1BB994A0000F3B3D /* DynamicObject.cpp in Sources */,
				162876F21BB823F4001A3ED4 /* GameManager.cpp in Sources */,
				162876F51BB82635001A3ED4 /* LightSource.cpp in Sources */,
				1674A5EE1BB99F14000F3B3D /* OrthogonalCamera.cpp in Sources */,
				1652DD351BCBB6DE0046D490 /* Table.cpp in Sources */,
				1670237E1BB6EB0D00C233E2 /* Vector3.cpp in Sources */,
				1674A5DD1BB996AC000F3B3D /* Car.cpp in Sources */,
				1674A5E41BB998FA000F3B3D /* Butter.cpp in Sources */,
				1674A5E11BB997FD000F3B3D /* Obstacle.cpp in Sources */,
				169B25411BDA93FF00C01F3C /* Projection.cpp in Sources */,
				1674A5EB1BB99A7B000F3B3D /* PerspectiveCamera.cpp in Sources */,
				167023811BB6FC4B00C233E2 /* Entity.cpp in Sources */,
				167023721BB6EA5A00C233E2 /* main.cpp in Sources */,
				1674A5E71BB99997000F3B3D /* Orange.cpp in Sources */,
				162876EF1BB821C9001A3ED4 /* GameObject.cpp in Sources */,
				1674A5D61BB9932A000F3B3D /* Roadside.cpp in Sources */,
				1674A5D31BB991AC000F3B3D /* River.cpp in Sources */,
			);
			runOnlyForDeploymentPostprocessing = 0;
		};
/* End PBXSourcesBuildPhase section */

/* Begin XCBuildConfiguration section */
		167023731BB6EA5A00C233E2 /* Debug */ = {
			isa = XCBuildConfiguration;
			buildSettings = {
				ALWAYS_SEARCH_USER_PATHS = NO;
				CLANG_CXX_LANGUAGE_STANDARD = "gnu++0x";
				CLANG_CXX_LIBRARY = "libc++";
				CLANG_ENABLE_MODULES = YES;
				CLANG_ENABLE_OBJC_ARC = YES;
				CLANG_WARN_BOOL_CONVERSION = YES;
				CLANG_WARN_CONSTANT_CONVERSION = YES;
				CLANG_WARN_DIRECT_OBJC_ISA_USAGE = YES_ERROR;
				CLANG_WARN_EMPTY_BODY = YES;
				CLANG_WARN_ENUM_CONVERSION = YES;
				CLANG_WARN_INT_CONVERSION = YES;
				CLANG_WARN_OBJC_ROOT_CLASS = YES_ERROR;
				CLANG_WARN_UNREACHABLE_CODE = YES;
				CLANG_WARN__DUPLICATE_METHOD_MATCH = YES;
				COPY_PHASE_STRIP = NO;
				DEBUG_INFORMATION_FORMAT = dwarf;
				ENABLE_STRICT_OBJC_MSGSEND = YES;
				ENABLE_TESTABILITY = YES;
				GCC_C_LANGUAGE_STANDARD = gnu99;
				GCC_DYNAMIC_NO_PIC = NO;
				GCC_NO_COMMON_BLOCKS = YES;
				GCC_OPTIMIZATION_LEVEL = 0;
				GCC_PREPROCESSOR_DEFINITIONS = (
					"DEBUG=1",
					"$(inherited)",
				);
				GCC_WARN_64_TO_32_BIT_CONVERSION = YES;
				GCC_WARN_ABOUT_RETURN_TYPE = YES_ERROR;
				GCC_WARN_UNDECLARED_SELECTOR = YES;
				GCC_WARN_UNINITIALIZED_AUTOS = YES_AGGRESSIVE;
				GCC_WARN_UNUSED_FUNCTION = YES;
				GCC_WARN_UNUSED_VARIABLE = YES;
				MACOSX_DEPLOYMENT_TARGET = 10.10;
				MTL_ENABLE_DEBUG_INFO = YES;
				ONLY_ACTIVE_ARCH = YES;
				SDKROOT = macosx;
			};
			name = Debug;
		};
		167023741BB6EA5A00C233E2 /* Release */ = {
			isa = XCBuildConfiguration;
			buildSettings = {
				ALWAYS_SEARCH_USER_PATHS = NO;
				CLANG_CXX_LANGUAGE_STANDARD = "gnu++0x";
				CLANG_CXX_LIBRARY = "libc++";
				CLANG_ENABLE_MODULES = YES;
				CLANG_ENABLE_OBJC_ARC = YES;
				CLANG_WARN_BOOL_CONVERSION = YES;
				CLANG_WARN_CONSTANT_CONVERSION = YES;
				CLANG_WARN_DIRECT_OBJC_ISA_USAGE = YES_ERROR;
				CLANG_WARN_EMPTY_BODY = YES;
				CLANG_WARN_ENUM_CONVERSION = YES;
				CLANG_WARN_INT_CONVERSION = YES;
				CLANG_WARN_OBJC_ROOT_CLASS = YES_ERROR;
				CLANG_WARN_UNREACHABLE_CODE = YES;
				CLANG_WARN__DUPLICATE_METHOD_MATCH = YES;
				COPY_PHASE_STRIP = NO;
				DEBUG_INFORMATION_FORMAT = "dwarf-with-dsym";
				ENABLE_NS_ASSERTIONS = NO;
				ENABLE_STRICT_OBJC_MSGSEND = YES;
				GCC_C_LANGUAGE_STANDARD = gnu99;
				GCC_NO_COMMON_BLOCKS = YES;
				GCC_WARN_64_TO_32_BIT_CONVERSION = YES;
				GCC_WARN_ABOUT_RETURN_TYPE = YES_ERROR;
				GCC_WARN_UNDECLARED_SELECTOR = YES;
				GCC_WARN_UNINITIALIZED_AUTOS = YES_AGGRESSIVE;
				GCC_WARN_UNUSED_FUNCTION = YES;
				GCC_WARN_UNUSED_VARIABLE = YES;
				MACOSX_DEPLOYMENT_TARGET = 10.10;
				MTL_ENABLE_DEBUG_INFO = NO;
				SDKROOT = macosx;
			};
			name = Release;
		};
		167023761BB6EA5A00C233E2 /* Debug */ = {
			isa = XCBuildConfiguration;
			buildSettings = {
				PRODUCT_NAME = "$(TARGET_NAME)";
			};
			name = Debug;
		};
		167023771BB6EA5A00C233E2 /* Release */ = {
			isa = XCBuildConfiguration;
			buildSettings = {
				PRODUCT_NAME = "$(TARGET_NAME)";
			};
			name = Release;
		};
/* End XCBuildConfiguration section */

/* Begin XCConfigurationList section */
		167023691BB6EA5A00C233E2 /* Build configuration list for PBXProject "Proj1" */ = {
			isa = XCConfigurationList;
			buildConfigurations = (
				167023731BB6EA5A00C233E2 /* Debug */,
				167023741BB6EA5A00C233E2 /* Release */,
			);
			defaultConfigurationIsVisible = 0;
			defaultConfigurationName = Release;
		};
		167023751BB6EA5A00C233E2 /* Build configuration list for PBXNativeTarget "Proj1" */ = {
			isa = XCConfigurationList;
			buildConfigurations = (
				167023761BB6EA5A00C233E2 /* Debug */,
				167023771BB6EA5A00C233E2 /* Release */,
			);
			defaultConfigurationIsVisible = 0;
			defaultConfigurationName = Release;
		};
/* End XCConfigurationList section */
	};
	rootObject = 167023661BB6EA5A00C233E2 /* Project object */;
}
